
Microsoft Visual Studio Solution File, Format Version 12.00
# Visual Studio Version 18
VisualStudioVersion = 18.6.11806.211 stable
MinimumVisualStudioVersion = 10.0.40219.1
Project("{FAE04EC0-301F-11D3-BF4B-00C04F79EFBC}") = "Edukate", "Edukate.csproj", "{AB0933CE-0445-A886-3FBA-C29244296DBE}"
EndProject
Global
	GlobalSection(SolutionConfigurationPlatforms) = preSolution
		Debug|Any CPU = Debug|Any CPU
		Release|Any CPU = Release|Any CPU
	EndGlobalSection
	GlobalSection(ProjectConfigurationPlatforms) = postSolution
		{AB0933CE-0445-A886-3FBA-C29244296DBE}.Debug|Any CPU.ActiveCfg = Debug|Any CPU
		{AB0933CE-0445-A886-3FBA-C29244296DBE}.Debug|Any CPU.Build.0 = Debug|Any CPU
		{AB0933CE-0445-A886-3FBA-C29244296DBE}.Release|Any CPU.ActiveCfg = Release|Any CPU
		{AB0933CE-0445-A886-3FBA-C29244296DBE}.Release|Any CPU.Build.0 = Release|Any CPU
	EndGlobalSection
	GlobalSection(SolutionProperties) = preSolution
		HideSolutionNode = FALSE
	EndGlobalSection
	GlobalSection(ExtensibilityGlobals) = postSolution
		SolutionGuid = {EF19FAB9-29E2-43A4-8A7A-FCB7AC3CDC34}
	EndGlobalSection
EndGlobal
